
Microsoft Visual Studio Solution File, Format Version 10.00
# Visual Studio 2008
Project("{FAE04EC0-301F-11D3-BF4B-00C04F79EFBC}") = "Linkhub", "Linkhub\Linkhub.csproj", "{F960F70D-9C37-46F8-A1D4-938A81BE9855}"
EndProject
Project("{FAE04EC0-301F-11D3-BF4B-00C04F79EFBC}") = "Popbill", "Popbill\Popbill.csproj", "{57F03B3E-C713-443A-AC04-90291B429204}"
EndProject
Project("{FAE04EC0-301F-11D3-BF4B-00C04F79EFBC}") = "Popbill.Taxinvoice.Example.csharp", "Popbill.Taxinvoice.Example.csharp\Popbill.Taxinvoice.Example.csharp.csproj", "{A6EC3553-5114-4515-9DCD-1648D42229D1}"
EndProject
Project("{FAE04EC0-301F-11D3-BF4B-00C04F79EFBC}") = "Popbill.Message.Example.csharp", "popbill.message.Example.csharp\Popbill.Message.Example.csharp.csproj", "{5D5A106C-5F8F-4C92-81F9-0E370AED61A1}"
EndProject
Project("{FAE04EC0-301F-11D3-BF4B-00C04F79EFBC}") = "Popbill.Fax.Example.csharp", "Popbill.Fax.Example.csharp\Popbill.Fax.Example.csharp.csproj", "{4B648CBC-FD27-4D1C-A090-A62CE2EA5B7B}"
EndProject
Project("{FAE04EC0-301F-11D3-BF4B-00C04F79EFBC}") = "Popbill.Cashbill.Example.csharp", "Popbill.Cashbill.Example.csharp\Popbill.Cashbill.Example.csharp.csproj", "{F82556DD-664E-4FC5-9F3C-255A9D276BCB}"
EndProject
Project("{FAE04EC0-301F-11D3-BF4B-00C04F79EFBC}") = "Popbill.Statement.Example.csharp", "Popbill.Statement.Example.csharp\Popbill.Statement.Example.csharp.csproj", "{DA912DEA-BBAD-419E-9A40-6C2D2B70E946}"
EndProject
Project("{FAE04EC0-301F-11D3-BF4B-00C04F79EFBC}") = "Popbill.Closedown.Example.csharp", "Popbill.Closedown.Example.csharp\Popbill.Closedown.Example.csharp.csproj", "{D87EE1DC-7D2B-4346-80E6-6681943792DD}"
EndProject
Project("{FAE04EC0-301F-11D3-BF4B-00C04F79EFBC}") = "Popbill.HomeTax.Taxinvoice.Example.csharp", "Popbill.Hometax.Taxinvoice.Example.csharp\Popbill.HomeTax.Taxinvoice.Example.csharp.csproj", "{73FC8D5E-9084-41AA-BA63-D054AD7FDA82}"
EndProject
Project("{FAE04EC0-301F-11D3-BF4B-00C04F79EFBC}") = "Popbill.HomeTax.Cashbill.Example.csharp", "popbill.HomeTax.Cashbill.Example.csharp\Popbill.HomeTax.Cashbill.Example.csharp.csproj", "{D6685075-D1F2-40FD-B75B-77AAD0BFBB6B}"
EndProject
Project("{FAE04EC0-301F-11D3-BF4B-00C04F79EFBC}") = "Popbill.Kakao.Example.csharp", "Popbill.Kakao.Example.csharp\Popbill.Kakao.Example.csharp.csproj", "{1117FF9C-AC7E-46A0-B602-32CAAB1485F5}"
EndProject
Project("{FAE04EC0-301F-11D3-BF4B-00C04F79EFBC}") = "Popbill.EasyFin.Bank.Example.csharp", "Popbill.EasyFin.Bank.Example.csharp\Popbill.EasyFin.Bank.Example.csharp.csproj", "{48D836F8-54CA-4EF9-A1EC-14639A49EC57}"
EndProject
Global
	GlobalSection(SolutionConfigurationPlatforms) = preSolution
		Debug|Any CPU = Debug|Any CPU
		Release|Any CPU = Release|Any CPU
	EndGlobalSection
	GlobalSection(ProjectConfigurationPlatforms) = postSolution
		{F960F70D-9C37-46F8-A1D4-938A81BE9855}.Debug|Any CPU.ActiveCfg = Debug|Any CPU
		{F960F70D-9C37-46F8-A1D4-938A81BE9855}.Debug|Any CPU.Build.0 = Debug|Any CPU
		{F960F70D-9C37-46F8-A1D4-938A81BE9855}.Release|Any CPU.ActiveCfg = Release|Any CPU
		{F960F70D-9C37-46F8-A1D4-938A81BE9855}.Release|Any CPU.Build.0 = Release|Any CPU
		{57F03B3E-C713-443A-AC04-90291B429204}.Debug|Any CPU.ActiveCfg = Debug|Any CPU
		{57F03B3E-C713-443A-AC04-90291B429204}.Debug|Any CPU.Build.0 = Debug|Any CPU
		{57F03B3E-C713-443A-AC04-90291B429204}.Release|Any CPU.ActiveCfg = Release|Any CPU
		{57F03B3E-C713-443A-AC04-90291B429204}.Release|Any CPU.Build.0 = Release|Any CPU
		{A6EC3553-5114-4515-9DCD-1648D42229D1}.Debug|Any CPU.ActiveCfg = Debug|Any CPU
		{A6EC3553-5114-4515-9DCD-1648D42229D1}.Debug|Any CPU.Build.0 = Debug|Any CPU
		{A6EC3553-5114-4515-9DCD-1648D42229D1}.Release|Any CPU.ActiveCfg = Release|Any CPU
		{A6EC3553-5114-4515-9DCD-1648D42229D1}.Release|Any CPU.Build.0 = Release|Any CPU
		{5D5A106C-5F8F-4C92-81F9-0E370AED61A1}.Debug|Any CPU.ActiveCfg = Debug|Any CPU
		{5D5A106C-5F8F-4C92-81F9-0E370AED61A1}.Debug|Any CPU.Build.0 = Debug|Any CPU
		{5D5A106C-5F8F-4C92-81F9-0E370AED61A1}.Release|Any CPU.ActiveCfg = Release|Any CPU
		{5D5A106C-5F8F-4C92-81F9-0E370AED61A1}.Release|Any CPU.Build.0 = Release|Any CPU
		{4B648CBC-FD27-4D1C-A090-A62CE2EA5B7B}.Debug|Any CPU.ActiveCfg = Debug|Any CPU
		{4B648CBC-FD27-4D1C-A090-A62CE2EA5B7B}.Debug|Any CPU.Build.0 = Debug|Any CPU
		{4B648CBC-FD27-4D1C-A090-A62CE2EA5B7B}.Release|Any CPU.ActiveCfg = Release|Any CPU
		{4B648CBC-FD27-4D1C-A090-A62CE2EA5B7B}.Release|Any CPU.Build.0 = Release|Any CPU
		{F82556DD-664E-4FC5-9F3C-255A9D276BCB}.Debug|Any CPU.ActiveCfg = Debug|Any CPU
		{F82556DD-664E-4FC5-9F3C-255A9D276BCB}.Debug|Any CPU.Build.0 = Debug|Any CPU
		{F82556DD-664E-4FC5-9F3C-255A9D276BCB}.Release|Any CPU.ActiveCfg = Release|Any CPU
		{F82556DD-664E-4FC5-9F3C-255A9D276BCB}.Release|Any CPU.Build.0 = Release|Any CPU
		{DA912DEA-BBAD-419E-9A40-6C2D2B70E946}.Debug|Any CPU.ActiveCfg = Debug|Any CPU
		{DA912DEA-BBAD-419E-9A40-6C2D2B70E946}.Debug|Any CPU.Build.0 = Debug|Any CPU
		{DA912DEA-BBAD-419E-9A40-6C2D2B70E946}.Release|Any CPU.ActiveCfg = Release|Any CPU
		{DA912DEA-BBAD-419E-9A40-6C2D2B70E946}.Release|Any CPU.Build.0 = Release|Any CPU
		{D87EE1DC-7D2B-4346-80E6-6681943792DD}.Debug|Any CPU.ActiveCfg = Debug|Any CPU
		{D87EE1DC-7D2B-4346-80E6-6681943792DD}.Debug|Any CPU.Build.0 = Debug|Any CPU
		{D87EE1DC-7D2B-4346-80E6-6681943792DD}.Release|Any CPU.ActiveCfg = Release|Any CPU
		{D87EE1DC-7D2B-4346-80E6-6681943792DD}.Release|Any CPU.Build.0 = Release|Any CPU
		{73FC8D5E-9084-41AA-BA63-D054AD7FDA82}.Debug|Any CPU.ActiveCfg = Debug|Any CPU
		{73FC8D5E-9084-41AA-BA63-D054AD7FDA82}.Debug|Any CPU.Build.0 = Debug|Any CPU
		{73FC8D5E-9084-41AA-BA63-D054AD7FDA82}.Release|Any CPU.ActiveCfg = Release|Any CPU
		{73FC8D5E-9084-41AA-BA63-D054AD7FDA82}.Release|Any CPU.Build.0 = Release|Any CPU
		{D6685075-D1F2-40FD-B75B-77AAD0BFBB6B}.Debug|Any CPU.ActiveCfg = Debug|Any CPU
		{D6685075-D1F2-40FD-B75B-77AAD0BFBB6B}.Debug|Any CPU.Build.0 = Debug|Any CPU
		{D6685075-D1F2-40FD-B75B-77AAD0BFBB6B}.Release|Any CPU.ActiveCfg = Release|Any CPU
		{D6685075-D1F2-40FD-B75B-77AAD0BFBB6B}.Release|Any CPU.Build.0 = Release|Any CPU
		{1117FF9C-AC7E-46A0-B602-32CAAB1485F5}.Debug|Any CPU.ActiveCfg = Debug|Any CPU
		{1117FF9C-AC7E-46A0-B602-32CAAB1485F5}.Debug|Any CPU.Build.0 = Debug|Any CPU
		{1117FF9C-AC7E-46A0-B602-32CAAB1485F5}.Release|Any CPU.ActiveCfg = Release|Any CPU
		{1117FF9C-AC7E-46A0-B602-32CAAB1485F5}.Release|Any CPU.Build.0 = Release|Any CPU
		{48D836F8-54CA-4EF9-A1EC-14639A49EC57}.Debug|Any CPU.ActiveCfg = Debug|Any CPU
		{48D836F8-54CA-4EF9-A1EC-14639A49EC57}.Debug|Any CPU.Build.0 = Debug|Any CPU
		{48D836F8-54CA-4EF9-A1EC-14639A49EC57}.Release|Any CPU.ActiveCfg = Release|Any CPU
		{48D836F8-54CA-4EF9-A1EC-14639A49EC57}.Release|Any CPU.Build.0 = Release|Any CPU
	EndGlobalSection
	GlobalSection(SolutionProperties) = preSolution
		HideSolutionNode = FALSE
	EndGlobalSection
EndGlobal
